// !$*UTF8*$!
{
	archiveVersion = 1;
	classes = {
	};
	objectVersion = 56;
	objects = {

/* Begin PBXBuildFile section */
		3751E1BC29FA105200154CB9 /* DropdownMenu_SwiftUIApp.swift in Sources */ = {isa = PBXBuildFile; fileRef = 3751E1BB29FA105200154CB9 /* DropdownMenu_SwiftUIApp.swift */; };
		3751E1BE29FA105200154CB9 /* ContentView.swift in Sources */ = {isa = PBXBuildFile; fileRef = 3751E1BD29FA105200154CB9 /* ContentView.swift */; };
		3751E1C029FA105300154CB9 /* Assets.xcassets in Resources */ = {isa = PBXBuildFile; fileRef = 3751E1BF29FA105300154CB9 /* Assets.xcassets */; };
		3751E1C329FA105300154CB9 /* Preview Assets.xcassets in Resources */ = {isa = PBXBuildFile; fileRef = 3751E1C229FA105300154CB9 /* Preview Assets.xcassets */; };
		3751E1CD29FA105300154CB9 /* DropdownMenu_SwiftUITests.swift in Sources */ = {isa = PBXBuildFile; fileRef = 3751E1CC29FA105300154CB9 /* DropdownMenu_SwiftUITests.swift */; };
		3751E1D729FA105300154CB9 /* DropdownMenu_SwiftUIUITests.swift in Sources */ = {isa = PBXBuildFile; fileRef = 3751E1D629FA105300154CB9 /* DropdownMenu_SwiftUIUITests.swift */; };
		3751E1D929FA105300154CB9 /* DropdownMenu_SwiftUIUITestsLaunchTests.swift in Sources */ = {isa = PBXBuildFile; fileRef = 3751E1D829FA105300154CB9 /* DropdownMenu_SwiftUIUITestsLaunchTests.swift */; };
		3751E1E829FA110100154CB9 /* View+ScrollView.swift in Sources */ = {isa = PBXBuildFile; fileRef = 3751E1E629FA110100154CB9 /* View+ScrollView.swift */; };
		3751E1E929FA110100154CB9 /* Color+.swift in Sources */ = {isa = PBXBuildFile; fileRef = 3751E1E729FA110100154CB9 /* Color+.swift */; };
		3751E1EC29FA11AE00154CB9 /* SmoothRoundedCorners.swift in Sources */ = {isa = PBXBuildFile; fileRef = 3751E1EB29FA11AE00154CB9 /* SmoothRoundedCorners.swift */; };
/* End PBXBuildFile section */

/* Begin PBXContainerItemProxy section */
		3751E1C929FA105300154CB9 /* PBXContainerItemProxy */ = {
			isa = PBXContainerItemProxy;
			containerPortal = 3751E1B029FA105200154CB9 /* Project object */;
			proxyType = 1;
			remoteGlobalIDString = 3751E1B729FA105200154CB9;
			remoteInfo = "DropdownMenu-SwiftUI";
		};
		3751E1D329FA105300154CB9 /* PBXContainerItemProxy */ = {
			isa = PBXContainerItemProxy;
			containerPortal = 3751E1B029FA105200154CB9 /* Project object */;
			proxyType = 1;
			remoteGlobalIDString = 3751E1B729FA105200154CB9;
			remoteInfo = "DropdownMenu-SwiftUI";
		};
/* End PBXContainerItemProxy section */

/* Begin PBXFileReference section */
		3751E1B829FA105200154CB9 /* DropdownMenu-SwiftUI.app */ = {isa = PBXFileReference; explicitFileType = wrapper.application; includeInIndex = 0; path = "DropdownMenu-SwiftUI.app"; sourceTree = BUILT_PRODUCTS_DIR; };
		3751E1BB29FA105200154CB9 /* DropdownMenu_SwiftUIApp.swift */ = {isa = PBXFileReference; lastKnownFileType = sourcecode.swift; path = DropdownMenu_SwiftUIApp.swift; sourceTree = "<group>"; };
		3751E1BD29FA105200154CB9 /* ContentView.swift */ = {isa = PBXFileReference; lastKnownFileType = sourcecode.swift; path = ContentView.swift; sourceTree = "<group>"; };
		3751E1BF29FA105300154CB9 /* Assets.xcassets */ = {isa = PBXFileReference; lastKnownFileType = folder.assetcatalog; path = Assets.xcassets; sourceTree = "<group>"; };
		3751E1C229FA105300154CB9 /* Preview Assets.xcassets */ = {isa = PBXFileReference; lastKnownFileType = folder.assetcatalog; path = "Preview Assets.xcassets"; sourceTree = "<group>"; };
		3751E1C829FA105300154CB9 /* DropdownMenu-SwiftUITests.xctest */ = {isa = PBXFileReference; explicitFileType = wrapper.cfbundle; includeInIndex = 0; path = "DropdownMenu-SwiftUITests.xctest"; sourceTree = BUILT_PRODUCTS_DIR; };
		3751E1CC29FA105300154CB9 /* DropdownMenu_SwiftUITests.swift */ = {isa = PBXFileReference; lastKnownFileType = sourcecode.swift; path = DropdownMenu_SwiftUITests.swift; sourceTree = "<group>"; };
		3751E1D229FA105300154CB9 /* DropdownMenu-SwiftUIUITests.xctest */ = {isa = PBXFileReference; explicitFileType = wrapper.cfbundle; includeInIndex = 0; path = "DropdownMenu-SwiftUIUITests.xctest"; sourceTree = BUILT_PRODUCTS_DIR; };
		3751E1D629FA105300154CB9 /* DropdownMenu_SwiftUIUITests.swift */ = {isa = PBXFileReference; lastKnownFileType = sourcecode.swift; path = DropdownMenu_SwiftUIUITests.swift; sourceTree = "<group>"; };
		3751E1D829FA105300154CB9 /* DropdownMenu_SwiftUIUITestsLaunchTests.swift */ = {isa = PBXFileReference; lastKnownFileType = sourcecode.swift; path = DropdownMenu_SwiftUIUITestsLaunchTests.swift; sourceTree = "<group>"; };
		3751E1E629FA110100154CB9 /* View+ScrollView.swift */ = {isa = PBXFileReference; fileEncoding = 4; lastKnownFileType = sourcecode.swift; path = "View+ScrollView.swift"; sourceTree = "<group>"; tabWidth = 3; };
		3751E1E729FA110100154CB9 /* Color+.swift */ = {isa = PBXFileReference; fileEncoding = 4; lastKnownFileType = sourcecode.swift; path = "Color+.swift"; sourceTree = "<group>"; };
		3751E1EB29FA11AE00154CB9 /* SmoothRoundedCorners.swift */ = {isa = PBXFileReference; fileEncoding = 4; lastKnownFileType = sourcecode.swift; path = SmoothRoundedCorners.swift; sourceTree = "<group>"; };
/* End PBXFileReference section */

/* Begin PBXFrameworksBuildPhase section */
		3751E1B529FA105200154CB9 /* Frameworks */ = {
			isa = PBXFrameworksBuildPhase;
			buildActionMask = 2147483647;
			files = (
			);
			runOnlyForDeploymentPostprocessing = 0;
		};
		3751E1C529FA105300154CB9 /* Frameworks */ = {
			isa = PBXFrameworksBuildPhase;
			buildActionMask = 2147483647;
			files = (
			);
			runOnlyForDeploymentPostprocessing = 0;
		};
		3751E1CF29FA105300154CB9 /* Frameworks */ = {
			isa = PBXFrameworksBuildPhase;
			buildActionMask = 2147483647;
			files = (
			);
			runOnlyForDeploymentPostprocessing = 0;
		};
/* End PBXFrameworksBuildPhase section */

/* Begin PBXGroup section */
		3751E1AF29FA105200154CB9 = {
			isa = PBXGroup;
			children = (
				3751E1BA29FA105200154CB9 /* DropdownMenu-SwiftUI */,
				3751E1CB29FA105300154CB9 /* DropdownMenu-SwiftUITests */,
				3751E1D529FA105300154CB9 /* DropdownMenu-SwiftUIUITests */,
				3751E1B929FA105200154CB9 /* Products */,
			);
			sourceTree = "<group>";
		};
		3751E1B929FA105200154CB9 /* Products */ = {
			isa = PBXGroup;
			children = (
				3751E1B829FA105200154CB9 /* DropdownMenu-SwiftUI.app */,
				3751E1C829FA105300154CB9 /* DropdownMenu-SwiftUITests.xctest */,
				3751E1D229FA105300154CB9 /* DropdownMenu-SwiftUIUITests.xctest */,
			);
			name = Products;
			sourceTree = "<group>";
		};
		3751E1BA29FA105200154CB9 /* DropdownMenu-SwiftUI */ = {
			isa = PBXGroup;
			children = (
				3751E1BD29FA105200154CB9 /* ContentView.swift */,
				3751E1BB29FA105200154CB9 /* DropdownMenu_SwiftUIApp.swift */,
				3751E1BF29FA105300154CB9 /* Assets.xcassets */,
				3751E1E529FA10C200154CB9 /* Extensions */,
				3751E1EA29FA119300154CB9 /* Modifiers & Styles */,
				3751E1C129FA105300154CB9 /* Preview Content */,
			);
			path = "DropdownMenu-SwiftUI";
			sourceTree = "<group>";
		};
		3751E1C129FA105300154CB9 /* Preview Content */ = {
			isa = PBXGroup;
			children = (
				3751E1C229FA105300154CB9 /* Preview Assets.xcassets */,
			);
			path = "Preview Content";
			sourceTree = "<group>";
		};
		3751E1CB29FA105300154CB9 /* DropdownMenu-SwiftUITests */ = {
			isa = PBXGroup;
			children = (
				3751E1CC29FA105300154CB9 /* DropdownMenu_SwiftUITests.swift */,
			);
			path = "DropdownMenu-SwiftUITests";
			sourceTree = "<group>";
		};
		3751E1D529FA105300154CB9 /* DropdownMenu-SwiftUIUITests */ = {
			isa = PBXGroup;
			children = (
				3751E1D629FA105300154CB9 /* DropdownMenu_SwiftUIUITests.swift */,
				3751E1D829FA105300154CB9 /* DropdownMenu_SwiftUIUITestsLaunchTests.swift */,
			);
			path = "DropdownMenu-SwiftUIUITests";
			sourceTree = "<group>";
		};
		3751E1E529FA10C200154CB9 /* Extensions */ = {
			isa = PBXGroup;
			children = (
				3751E1E729FA110100154CB9 /* Color+.swift */,
				3751E1E629FA110100154CB9 /* View+ScrollView.swift */,
			);
			path = Extensions;
			sourceTree = "<group>";
		};
		3751E1EA29FA119300154CB9 /* Modifiers & Styles */ = {
			isa = PBXGroup;
			children = (
				3751E1EB29FA11AE00154CB9 /* SmoothRoundedCorners.swift */,
			);
			path = "Modifiers & Styles";
			sourceTree = "<group>";
		};
/* End PBXGroup section */

/* Begin PBXNativeTarget section */
		3751E1B729FA105200154CB9 /* DropdownMenu-SwiftUI */ = {
			isa = PBXNativeTarget;
			buildConfigurationList = 3751E1DC29FA105300154CB9 /* Build configuration list for PBXNativeTarget "DropdownMenu-SwiftUI" */;
			buildPhases = (
				3751E1B429FA105200154CB9 /* Sources */,
				3751E1B529FA105200154CB9 /* Frameworks */,
				3751E1B629FA105200154CB9 /* Resources */,
			);
			buildRules = (
			);
			dependencies = (
			);
			name = "DropdownMenu-SwiftUI";
			productName = "DropdownMenu-SwiftUI";
			productReference = 3751E1B829FA105200154CB9 /* DropdownMenu-SwiftUI.app */;
			productType = "com.apple.product-type.application";
		};
		3751E1C729FA105300154CB9 /* DropdownMenu-SwiftUITests */ = {
			isa = PBXNativeTarget;
			buildConfigurationList = 3751E1DF29FA105300154CB9 /* Build configuration list for PBXNativeTarget "DropdownMenu-SwiftUITests" */;
			buildPhases = (
				3751E1C429FA105300154CB9 /* Sources */,
				3751E1C529FA105300154CB9 /* Frameworks */,
				3751E1C629FA105300154CB9 /* Resources */,
			);
			buildRules = (
			);
			dependencies = (
				3751E1CA29FA105300154CB9 /* PBXTargetDependency */,
			);
			name = "DropdownMenu-SwiftUITests";
			productName = "DropdownMenu-SwiftUITests";
			productReference = 3751E1C829FA105300154CB9 /* DropdownMenu-SwiftUITests.xctest */;
			productType = "com.apple.product-type.bundle.unit-test";
		};
		3751E1D129FA105300154CB9 /* DropdownMenu-SwiftUIUITests */ = {
			isa = PBXNativeTarget;
			buildConfigurationList = 3751E1E229FA105300154CB9 /* Build configuration list for PBXNativeTarget "DropdownMenu-SwiftUIUITests" */;
			buildPhases = (
				3751E1CE29FA105300154CB9 /* Sources */,
				3751E1CF29FA105300154CB9 /* Frameworks */,
				3751E1D029FA105300154CB9 /* Resources */,
			);
			buildRules = (
			);
			dependencies = (
				3751E1D429FA105300154CB9 /* PBXTargetDependency */,
			);
			name = "DropdownMenu-SwiftUIUITests";
			productName = "DropdownMenu-SwiftUIUITests";
			productReference = 3751E1D229FA105300154CB9 /* DropdownMenu-SwiftUIUITests.xctest */;
			productType = "com.apple.product-type.bundle.ui-testing";
		};
/* End PBXNativeTarget section */

/* Begin PBXProject section */
		3751E1B029FA105200154CB9 /* Project object */ = {
			isa = PBXProject;
			attributes = {
				BuildIndependentTargetsInParallel = 1;
				LastSwiftUpdateCheck = 1430;
				LastUpgradeCheck = 1430;
				TargetAttributes = {
					3751E1B729FA105200154CB9 = {
						CreatedOnToolsVersion = 14.3;
					};
					3751E1C729FA105300154CB9 = {
						CreatedOnToolsVersion = 14.3;
						TestTargetID = 3751E1B729FA105200154CB9;
					};
					3751E1D129FA105300154CB9 = {
						CreatedOnToolsVersion = 14.3;
						TestTargetID = 3751E1B729FA105200154CB9;
					};
				};
			};
			buildConfigurationList = 3751E1B329FA105200154CB9 /* Build configuration list for PBXProject "DropdownMenu-SwiftUI" */;
			compatibilityVersion = "Xcode 14.0";
			developmentRegion = en;
			hasScannedForEncodings = 0;
			knownRegions = (
				en,
				Base,
			);
			mainGroup = 3751E1AF29FA105200154CB9;
			productRefGroup = 3751E1B929FA105200154CB9 /* Products */;
			projectDirPath = "";
			projectRoot = "";
			targets = (
				3751E1B729FA105200154CB9 /* DropdownMenu-SwiftUI */,
				3751E1C729FA105300154CB9 /* DropdownMenu-SwiftUITests */,
				3751E1D129FA105300154CB9 /* DropdownMenu-SwiftUIUITests */,
			);
		};
/* End PBXProject section */

/* Begin PBXResourcesBuildPhase section */
		3751E1B629FA105200154CB9 /* Resources */ = {
			isa = PBXResourcesBuildPhase;
			buildActionMask = 2147483647;
			files = (
				3751E1C329FA105300154CB9 /* Preview Assets.xcassets in Resources */,
				3751E1C029FA105300154CB9 /* Assets.xcassets in Resources */,
			);
			runOnlyForDeploymentPostprocessing = 0;
		};
		3751E1C629FA105300154CB9 /* Resources */ = {
			isa = PBXResourcesBuildPhase;
			buildActionMask = 2147483647;
			files = (
			);
			runOnlyForDeploymentPostprocessing = 0;
		};
		3751E1D029FA105300154CB9 /* Resources */ = {
			isa = PBXResourcesBuildPhase;
			buildActionMask = 2147483647;
			files = (
			);
			runOnlyForDeploymentPostprocessing = 0;
		};
/* End PBXResourcesBuildPhase section */

/* Begin PBXSourcesBuildPhase section */
		3751E1B429FA105200154CB9 /* Sources */ = {
			isa = PBXSourcesBuildPhase;
			buildActionMask = 2147483647;
			files = (
				3751E1E829FA110100154CB9 /* View+ScrollView.swift in Sources */,
				3751E1E929FA110100154CB9 /* Color+.swift in Sources */,
				3751E1BE29FA105200154CB9 /* ContentView.swift in Sources */,
				3751E1EC29FA11AE00154CB9 /* SmoothRoundedCorners.swift in Sources */,
				3751E1BC29FA105200154CB9 /* DropdownMenu_SwiftUIApp.swift in Sources */,
			);
			runOnlyForDeploymentPostprocessing = 0;
		};
		3751E1C429FA105300154CB9 /* Sources */ = {
			isa = PBXSourcesBuildPhase;
			buildActionMask = 2147483647;
			files = (
				3751E1CD29FA105300154CB9 /* DropdownMenu_SwiftUITests.swift in Sources */,
			);
			runOnlyForDeploymentPostprocessing = 0;
		};
		3751E1CE29FA105300154CB9 /* Sources */ = {
			isa = PBXSourcesBuildPhase;
			buildActionMask = 2147483647;
			files = (
				3751E1D929FA105300154CB9 /* DropdownMenu_SwiftUIUITestsLaunchTests.swift in Sources */,
				3751E1D729FA105300154CB9 /* DropdownMenu_SwiftUIUITests.swift in Sources */,
			);
			runOnlyForDeploymentPostprocessing = 0;
		};
/* End PBXSourcesBuildPhase section */

/* Begin PBXTargetDependency section */
		3751E1CA29FA105300154CB9 /* PBXTargetDependency */ = {
			isa = PBXTargetDependency;
			target = 3751E1B729FA105200154CB9 /* DropdownMenu-SwiftUI */;
			targetProxy = 3751E1C929FA105300154CB9 /* PBXContainerItemProxy */;
		};
		3751E1D429FA105300154CB9 /* PBXTargetDependency */ = {
			isa = PBXTargetDependency;
			target = 3751E1B729FA105200154CB9 /* DropdownMenu-SwiftUI */;
			targetProxy = 3751E1D329FA105300154CB9 /* PBXContainerItemProxy */;
		};
/* End PBXTargetDependency section */

/* Begin XCBuildConfiguration section */
		3751E1DA29FA105300154CB9 /* Debug */ = {
			isa = XCBuildConfiguration;
			buildSettings = {
				ALWAYS_SEARCH_USER_PATHS = NO;
				CLANG_ANALYZER_NONNULL = YES;
				CLANG_ANALYZER_NUMBER_OBJECT_CONVERSION = YES_AGGRESSIVE;
				CLANG_CXX_LANGUAGE_STANDARD = "gnu++20";
				CLANG_ENABLE_MODULES = YES;
				CLANG_ENABLE_OBJC_ARC = YES;
				CLANG_ENABLE_OBJC_WEAK = YES;
				CLANG_WARN_BLOCK_CAPTURE_AUTORELEASING = YES;
				CLANG_WARN_BOOL_CONVERSION = YES;
				CLANG_WARN_COMMA = YES;
				CLANG_WARN_CONSTANT_CONVERSION = YES;
				CLANG_WARN_DEPRECATED_OBJC_IMPLEMENTATIONS = YES;
				CLANG_WARN_DIRECT_OBJC_ISA_USAGE = YES_ERROR;
				CLANG_WARN_DOCUMENTATION_COMMENTS = YES;
				CLANG_WARN_EMPTY_BODY = YES;
				CLANG_WARN_ENUM_CONVERSION = YES;
				CLANG_WARN_INFINITE_RECURSION = YES;
				CLANG_WARN_INT_CONVERSION = YES;
				CLANG_WARN_NON_LITERAL_NULL_CONVERSION = YES;
				CLANG_WARN_OBJC_IMPLICIT_RETAIN_SELF = YES;
				CLANG_WARN_OBJC_LITERAL_CONVERSION = YES;
				CLANG_WARN_OBJC_ROOT_CLASS = YES_ERROR;
				CLANG_WARN_QUOTED_INCLUDE_IN_FRAMEWORK_HEADER = YES;
				CLANG_WARN_RANGE_LOOP_ANALYSIS = YES;
				CLANG_WARN_STRICT_PROTOTYPES = YES;
				CLANG_WARN_SUSPICIOUS_MOVE = YES;
				CLANG_WARN_UNGUARDED_AVAILABILITY = YES_AGGRESSIVE;
				CLANG_WARN_UNREACHABLE_CODE = YES;
				CLANG_WARN__DUPLICATE_METHOD_MATCH = YES;
				COPY_PHASE_STRIP = NO;
				DEBUG_INFORMATION_FORMAT = dwarf;
				ENABLE_STRICT_OBJC_MSGSEND = YES;
				ENABLE_TESTABILITY = YES;
				GCC_C_LANGUAGE_STANDARD = gnu11;
				GCC_DYNAMIC_NO_PIC = NO;
				GCC_NO_COMMON_BLOCKS = YES;
				GCC_OPTIMIZATION_LEVEL = 0;
				GCC_PREPROCESSOR_DEFINITIONS = (
					"DEBUG=1",
					"$(inherited)",
				);
				GCC_WARN_64_TO_32_BIT_CONVERSION = YES;
				GCC_WARN_ABOUT_RETURN_TYPE = YES_ERROR;
				GCC_WARN_UNDECLARED_SELECTOR = YES;
				GCC_WARN_UNINITIALIZED_AUTOS = YES_AGGRESSIVE;
				GCC_WARN_UNUSED_FUNCTION = YES;
				GCC_WARN_UNUSED_VARIABLE = YES;
				IPHONEOS_DEPLOYMENT_TARGET = 16.4;
				MTL_ENABLE_DEBUG_INFO = INCLUDE_SOURCE;
				MTL_FAST_MATH = YES;
				ONLY_ACTIVE_ARCH = YES;
				SDKROOT = iphoneos;
				SWIFT_ACTIVE_COMPILATION_CONDITIONS = DEBUG;
				SWIFT_OPTIMIZATION_LEVEL = "-Onone";
			};
			name = Debug;
		};
		3751E1DB29FA105300154CB9 /* Release */ = {
			isa = XCBuildConfiguration;
			buildSettings = {
				ALWAYS_SEARCH_USER_PATHS = NO;
				CLANG_ANALYZER_NONNULL = YES;
				CLANG_ANALYZER_NUMBER_OBJECT_CONVERSION = YES_AGGRESSIVE;
				CLANG_CXX_LANGUAGE_STANDARD = "gnu++20";
				CLANG_ENABLE_MODULES = YES;
				CLANG_ENABLE_OBJC_ARC = YES;
				CLANG_ENABLE_OBJC_WEAK = YES;
				CLANG_WARN_BLOCK_CAPTURE_AUTORELEASING = YES;
				CLANG_WARN_BOOL_CONVERSION = YES;
				CLANG_WARN_COMMA = YES;
				CLANG_WARN_CONSTANT_CONVERSION = YES;
				CLANG_WARN_DEPRECATED_OBJC_IMPLEMENTATIONS = YES;
				CLANG_WARN_DIRECT_OBJC_ISA_USAGE = YES_ERROR;
				CLANG_WARN_DOCUMENTATION_COMMENTS = YES;
				CLANG_WARN_EMPTY_BODY = YES;
				CLANG_WARN_ENUM_CONVERSION = YES;
				CLANG_WARN_INFINITE_RECURSION = YES;
				CLANG_WARN_INT_CONVERSION = YES;
				CLANG_WARN_NON_LITERAL_NULL_CONVERSION = YES;
				CLANG_WARN_OBJC_IMPLICIT_RETAIN_SELF = YES;
				CLANG_WARN_OBJC_LITERAL_CONVERSION = YES;
				CLANG_WARN_OBJC_ROOT_CLASS = YES_ERROR;
				CLANG_WARN_QUOTED_INCLUDE_IN_FRAMEWORK_HEADER = YES;
				CLANG_WARN_RANGE_LOOP_ANALYSIS = YES;
				CLANG_WARN_STRICT_PROTOTYPES = YES;
				CLANG_WARN_SUSPICIOUS_MOVE = YES;
				CLANG_WARN_UNGUARDED_AVAILABILITY = YES_AGGRESSIVE;
				CLANG_WARN_UNREACHABLE_CODE = YES;
				CLANG_WARN__DUPLICATE_METHOD_MATCH = YES;
				COPY_PHASE_STRIP = NO;
				DEBUG_INFORMATION_FORMAT = "dwarf-with-dsym";
				ENABLE_NS_ASSERTIONS = NO;
				ENABLE_STRICT_OBJC_MSGSEND = YES;
				GCC_C_LANGUAGE_STANDARD = gnu11;
				GCC_NO_COMMON_BLOCKS = YES;
				GCC_WARN_64_TO_32_BIT_CONVERSION = YES;
				GCC_WARN_ABOUT_RETURN_TYPE = YES_ERROR;
				GCC_WARN_UNDECLARED_SELECTOR = YES;
				GCC_WARN_UNINITIALIZED_AUTOS = YES_AGGRESSIVE;
				GCC_WARN_UNUSED_FUNCTION = YES;
				GCC_WARN_UNUSED_VARIABLE = YES;
				IPHONEOS_DEPLOYMENT_TARGET = 16.4;
				MTL_ENABLE_DEBUG_INFO = NO;
				MTL_FAST_MATH = YES;
				SDKROOT = iphoneos;
				SWIFT_COMPILATION_MODE = wholemodule;
				SWIFT_OPTIMIZATION_LEVEL = "-O";
				VALIDATE_PRODUCT = YES;
			};
			name = Release;
		};
		3751E1DD29FA105300154CB9 /* Debug */ = {
			isa = XCBuildConfiguration;
			buildSettings = {
				ASSETCATALOG_COMPILER_APPICON_NAME = AppIcon;
				ASSETCATALOG_COMPILER_GLOBAL_ACCENT_COLOR_NAME = AccentColor;
				CODE_SIGN_STYLE = Automatic;
				CURRENT_PROJECT_VERSION = 1;
				DEVELOPMENT_ASSET_PATHS = "\"DropdownMenu-SwiftUI/Preview Content\"";
				DEVELOPMENT_TEAM = D6VB3396MT;
				ENABLE_PREVIEWS = YES;
				GENERATE_INFOPLIST_FILE = YES;
				INFOPLIST_KEY_UIApplicationSceneManifest_Generation = YES;
				INFOPLIST_KEY_UIApplicationSupportsIndirectInputEvents = YES;
				INFOPLIST_KEY_UILaunchScreen_Generation = YES;
				INFOPLIST_KEY_UISupportedInterfaceOrientations_iPad = "UIInterfaceOrientationPortrait UIInterfaceOrientationPortraitUpsideDown UIInterfaceOrientationLandscapeLeft UIInterfaceOrientationLandscapeRight";
				INFOPLIST_KEY_UISupportedInterfaceOrientations_iPhone = "UIInterfaceOrientationPortrait UIInterfaceOrientationLandscapeLeft UIInterfaceOrientationLandscapeRight";
				LD_RUNPATH_SEARCH_PATHS = (
					"$(inherited)",
					"@executable_path/Frameworks",
				);
				MARKETING_VERSION = 1.0;
				PRODUCT_BUNDLE_IDENTIFIER = "com.marlonraskin.DropdownMenu-SwiftUI";
				PRODUCT_NAME = "$(TARGET_NAME)";
				SWIFT_EMIT_LOC_STRINGS = YES;
				SWIFT_VERSION = 5.0;
				TARGETED_DEVICE_FAMILY = "1,2";
			};
			name = Debug;
		};
		3751E1DE29FA105300154CB9 /* Release */ = {
			isa = XCBuildConfiguration;
			buildSettings = {
				ASSETCATALOG_COMPILER_APPICON_NAME = AppIcon;
				ASSETCATALOG_COMPILER_GLOBAL_ACCENT_COLOR_NAME = AccentColor;
				CODE_SIGN_STYLE = Automatic;
				CURRENT_PROJECT_VERSION = 1;
				DEVELOPMENT_ASSET_PATHS = "\"DropdownMenu-SwiftUI/Preview Content\"";
				DEVELOPMENT_TEAM = D6VB3396MT;
				ENABLE_PREVIEWS = YES;
				GENERATE_INFOPLIST_FILE = YES;
				INFOPLIST_KEY_UIApplicationSceneManifest_Generation = YES;
				INFOPLIST_KEY_UIApplicationSupportsIndirectInputEvents = YES;
				INFOPLIST_KEY_UILaunchScreen_Generation = YES;
				INFOPLIST_KEY_UISupportedInterfaceOrientations_iPad = "UIInterfaceOrientationPortrait UIInterfaceOrientationPortraitUpsideDown UIInterfaceOrientationLandscapeLeft UIInterfaceOrientationLandscapeRight";
				INFOPLIST_KEY_UISupportedInterfaceOrientations_iPhone = "UIInterfaceOrientationPortrait UIInterfaceOrientationLandscapeLeft UIInterfaceOrientationLandscapeRight";
				LD_RUNPATH_SEARCH_PATHS = (
					"$(inherited)",
					"@executable_path/Frameworks",
				);
				MARKETING_VERSION = 1.0;
				PRODUCT_BUNDLE_IDENTIFIER = "com.marlonraskin.DropdownMenu-SwiftUI";
				PRODUCT_NAME = "$(TARGET_NAME)";
				SWIFT_EMIT_LOC_STRINGS = YES;
				SWIFT_VERSION = 5.0;
				TARGETED_DEVICE_FAMILY = "1,2";
			};
			name = Release;
		};
		3751E1E029FA105300154CB9 /* Debug */ = {
			isa = XCBuildConfiguration;
			buildSettings = {
				ALWAYS_EMBED_SWIFT_STANDARD_LIBRARIES = YES;
				BUNDLE_LOADER = "$(TEST_HOST)";
				CODE_SIGN_STYLE = Automatic;
				CURRENT_PROJECT_VERSION = 1;
				DEVELOPMENT_TEAM = D6VB3396MT;
				GENERATE_INFOPLIST_FILE = YES;
				IPHONEOS_DEPLOYMENT_TARGET = 16.4;
				MARKETING_VERSION = 1.0;
				PRODUCT_BUNDLE_IDENTIFIER = "com.marlonraskin.DropdownMenu-SwiftUITests";
				PRODUCT_NAME = "$(TARGET_NAME)";
				SWIFT_EMIT_LOC_STRINGS = NO;
				SWIFT_VERSION = 5.0;
				TARGETED_DEVICE_FAMILY = "1,2";
				TEST_HOST = "$(BUILT_PRODUCTS_DIR)/DropdownMenu-SwiftUI.app/$(BUNDLE_EXECUTABLE_FOLDER_PATH)/DropdownMenu-SwiftUI";
			};
			name = Debug;
		};
		3751E1E129FA105300154CB9 /* Release */ = {
			isa = XCBuildConfiguration;
			buildSettings = {
				ALWAYS_EMBED_SWIFT_STANDARD_LIBRARIES = YES;
				BUNDLE_LOADER = "$(TEST_HOST)";
				CODE_SIGN_STYLE = Automatic;
				CURRENT_PROJECT_VERSION = 1;
				DEVELOPMENT_TEAM = D6VB3396MT;
				GENERATE_INFOPLIST_FILE = YES;
				IPHONEOS_DEPLOYMENT_TARGET = 16.4;
				MARKETING_VERSION = 1.0;
				PRODUCT_BUNDLE_IDENTIFIER = "com.marlonraskin.DropdownMenu-SwiftUITests";
				PRODUCT_NAME = "$(TARGET_NAME)";
				SWIFT_EMIT_LOC_STRINGS = NO;
				SWIFT_VERSION = 5.0;
				TARGETED_DEVICE_FAMILY = "1,2";
				TEST_HOST = "$(BUILT_PRODUCTS_DIR)/DropdownMenu-SwiftUI.app/$(BUNDLE_EXECUTABLE_FOLDER_PATH)/DropdownMenu-SwiftUI";
			};
			name = Release;
		};
		3751E1E329FA105300154CB9 /* Debug */ = {
			isa = XCBuildConfiguration;
			buildSettings = {
				ALWAYS_EMBED_SWIFT_STANDARD_LIBRARIES = YES;
				CODE_SIGN_STYLE = Automatic;
				CURRENT_PROJECT_VERSION = 1;
				DEVELOPMENT_TEAM = D6VB3396MT;
				GENERATE_INFOPLIST_FILE = YES;
				MARKETING_VERSION = 1.0;
				PRODUCT_BUNDLE_IDENTIFIER = "com.marlonraskin.DropdownMenu-SwiftUIUITests";
				PRODUCT_NAME = "$(TARGET_NAME)";
				SWIFT_EMIT_LOC_STRINGS = NO;
				SWIFT_VERSION = 5.0;
				TARGETED_DEVICE_FAMILY = "1,2";
				TEST_TARGET_NAME = "DropdownMenu-SwiftUI";
			};
			name = Debug;
		};
		3751E1E429FA105300154CB9 /* Release */ = {
			isa = XCBuildConfiguration;
			buildSettings = {
				ALWAYS_EMBED_SWIFT_STANDARD_LIBRARIES = YES;
				CODE_SIGN_STYLE = Automatic;
				CURRENT_PROJECT_VERSION = 1;
				DEVELOPMENT_TEAM = D6VB3396MT;
				GENERATE_INFOPLIST_FILE = YES;
				MARKETING_VERSION = 1.0;
				PRODUCT_BUNDLE_IDENTIFIER = "com.marlonraskin.DropdownMenu-SwiftUIUITests";
				PRODUCT_NAME = "$(TARGET_NAME)";
				SWIFT_EMIT_LOC_STRINGS = NO;
				SWIFT_VERSION = 5.0;
				TARGETED_DEVICE_FAMILY = "1,2";
				TEST_TARGET_NAME = "DropdownMenu-SwiftUI";
			};
			name = Release;
		};
/* End XCBuildConfiguration section */

/* Begin XCConfigurationList section */
		3751E1B329FA105200154CB9 /* Build configuration list for PBXProject "DropdownMenu-SwiftUI" */ = {
			isa = XCConfigurationList;
			buildConfigurations = (
				3751E1DA29FA105300154CB9 /* Debug */,
				3751E1DB29FA105300154CB9 /* Release */,
			);
			defaultConfigurationIsVisible = 0;
			defaultConfigurationName = Release;
		};
		3751E1DC29FA105300154CB9 /* Build configuration list for PBXNativeTarget "DropdownMenu-SwiftUI" */ = {
			isa = XCConfigurationList;
			buildConfigurations = (
				3751E1DD29FA105300154CB9 /* Debug */,
				3751E1DE29FA105300154CB9 /* Release */,
			);
			defaultConfigurationIsVisible = 0;
			defaultConfigurationName = Release;
		};
		3751E1DF29FA105300154CB9 /* Build configuration list for PBXNativeTarget "DropdownMenu-SwiftUITests" */ = {
			isa = XCConfigurationList;
			buildConfigurations = (
				3751E1E029FA105300154CB9 /* Debug */,
				3751E1E129FA105300154CB9 /* Release */,
			);
			defaultConfigurationIsVisible = 0;
			defaultConfigurationName = Release;
		};
		3751E1E229FA105300154CB9 /* Build configuration list for PBXNativeTarget "DropdownMenu-SwiftUIUITests" */ = {
			isa = XCConfigurationList;
			buildConfigurations = (
				3751E1E329FA105300154CB9 /* Debug */,
				3751E1E429FA105300154CB9 /* Release */,
			);
			defaultConfigurationIsVisible = 0;
			defaultConfigurationName = Release;
		};
/* End XCConfigurationList section */
	};
	rootObject = 3751E1B029FA105200154CB9 /* Project object */;
}
